// !$*UTF8*$!
{
	archiveVersion = 1;
	classes = {
	};
	objectVersion = 46;
	objects = {

/* Begin PBXBuildFile section */
		0D231D1D1AC8CE3B0082B558 /* main.m in Sources */ = {isa = PBXBuildFile; fileRef = 0D231D1C1AC8CE3B0082B558 /* main.m */; };
		0D231D201AC8CE3B0082B558 /* AppDelegate.m in Sources */ = {isa = PBXBuildFile; fileRef = 0D231D1F1AC8CE3B0082B558 /* AppDelegate.m */; };
		0D231D231AC8CE3B0082B558 /* ViewController.m in Sources */ = {isa = PBXBuildFile; fileRef = 0D231D221AC8CE3B0082B558 /* ViewController.m */; };
		0D231D261AC8CE3B0082B558 /* Main.storyboard in Resources */ = {isa = PBXBuildFile; fileRef = 0D231D241AC8CE3B0082B558 /* Main.storyboard */; };
		0D231D281AC8CE3B0082B558 /* Images.xcassets in Resources */ = {isa = PBXBuildFile; fileRef = 0D231D271AC8CE3B0082B558 /* Images.xcassets */; };
		0D231D2B1AC8CE3B0082B558 /* LaunchScreen.xib in Resources */ = {isa = PBXBuildFile; fileRef = 0D231D291AC8CE3B0082B558 /* LaunchScreen.xib */; };
		0D231D371AC8CE3B0082B558 /* FunFactsTests.m in Sources */ = {isa = PBXBuildFile; fileRef = 0D231D361AC8CE3B0082B558 /* FunFactsTests.m */; };
		0D231D421ACBADF80082B558 /* FactBook.m in Sources */ = {isa = PBXBuildFile; fileRef = 0D231D411ACBADF80082B558 /* FactBook.m */; };
		0D231D451ACBE8720082B558 /* ColorWheel.m in Sources */ = {isa = PBXBuildFile; fileRef = 0D231D441ACBE8720082B558 /* ColorWheel.m */; };
/* End PBXBuildFile section */

/* Begin PBXContainerItemProxy section */
		0D231D311AC8CE3B0082B558 /* PBXContainerItemProxy */ = {
			isa = PBXContainerItemProxy;
			containerPortal = 0D231D0F1AC8CE3A0082B558 /* Project object */;
			proxyType = 1;
			remoteGlobalIDString = 0D231D161AC8CE3A0082B558;
			remoteInfo = FunFacts;
		};
/* End PBXContainerItemProxy section */

/* Begin PBXFileReference section */
		0D231D171AC8CE3B0082B558 /* FunFacts.app */ = {isa = PBXFileReference; explicitFileType = wrapper.application; includeInIndex = 0; path = FunFacts.app; sourceTree = BUILT_PRODUCTS_DIR; };
		0D231D1B1AC8CE3B0082B558 /* Info.plist */ = {isa = PBXFileReference; lastKnownFileType = text.plist.xml; path = Info.plist; sourceTree = "<group>"; };
		0D231D1C1AC8CE3B0082B558 /* main.m */ = {isa = PBXFileReference; lastKnownFileType = sourcecode.c.objc; path = main.m; sourceTree = "<group>"; };
		0D231D1E1AC8CE3B0082B558 /* AppDelegate.h */ = {isa = PBXFileReference; lastKnownFileType = sourcecode.c.h; path = AppDelegate.h; sourceTree = "<group>"; };
		0D231D1F1AC8CE3B0082B558 /* AppDelegate.m */ = {isa = PBXFileReference; lastKnownFileType = sourcecode.c.objc; path = AppDelegate.m; sourceTree = "<group>"; };
		0D231D211AC8CE3B0082B558 /* ViewController.h */ = {isa = PBXFileReference; lastKnownFileType = sourcecode.c.h; path = ViewController.h; sourceTree = "<group>"; };
		0D231D221AC8CE3B0082B558 /* ViewController.m */ = {isa = PBXFileReference; lastKnownFileType = sourcecode.c.objc; path = ViewController.m; sourceTree = "<group>"; };
		0D231D251AC8CE3B0082B558 /* Base */ = {isa = PBXFileReference; lastKnownFileType = file.storyboard; name = Base; path = Base.lproj/Main.storyboard; sourceTree = "<group>"; };
		0D231D271AC8CE3B0082B558 /* Images.xcassets */ = {isa = PBXFileReference; lastKnownFileType = folder.assetcatalog; path = Images.xcassets; sourceTree = "<group>"; };
		0D231D2A1AC8CE3B0082B558 /* Base */ = {isa = PBXFileReference; lastKnownFileType = file.xib; name = Base; path = Base.lproj/LaunchScreen.xib; sourceTree = "<group>"; };
		0D231D301AC8CE3B0082B558 /* FunFactsTests.xctest */ = {isa = PBXFileReference; explicitFileType = wrapper.cfbundle; includeInIndex = 0; path = FunFactsTests.xctest; sourceTree = BUILT_PRODUCTS_DIR; };
		0D231D351AC8CE3B0082B558 /* Info.plist */ = {isa = PBXFileReference; lastKnownFileType = text.plist.xml; path = Info.plist; sourceTree = "<group>"; };
		0D231D361AC8CE3B0082B558 /* FunFactsTests.m */ = {isa = PBXFileReference; lastKnownFileType = sourcecode.c.objc; path = FunFactsTests.m; sourceTree = "<group>"; };
		0D231D401ACBADF80082B558 /* FactBook.h */ = {isa = PBXFileReference; fileEncoding = 4; lastKnownFileType = sourcecode.c.h; path = FactBook.h; sourceTree = "<group>"; };
		0D231D411ACBADF80082B558 /* FactBook.m */ = {isa = PBXFileReference; fileEncoding = 4; lastKnownFileType = sourcecode.c.objc; path = FactBook.m; sourceTree = "<group>"; };
		0D231D431ACBE8720082B558 /* ColorWheel.h */ = {isa = PBXFileReference; fileEncoding = 4; lastKnownFileType = sourcecode.c.h; path = ColorWheel.h; sourceTree = "<group>"; };
		0D231D441ACBE8720082B558 /* ColorWheel.m */ = {isa = PBXFileReference; fileEncoding = 4; lastKnownFileType = sourcecode.c.objc; path = ColorWheel.m; sourceTree = "<group>"; };
/* End PBXFileReference section */

/* Begin PBXFrameworksBuildPhase section */
		0D231D141AC8CE3A0082B558 /* Frameworks */ = {
			isa = PBXFrameworksBuildPhase;
			buildActionMask = 2147483647;
			files = (
			);
			runOnlyForDeploymentPostprocessing = 0;
		};
		0D231D2D1AC8CE3B0082B558 /* Frameworks */ = {
			isa = PBXFrameworksBuildPhase;
			buildActionMask = 2147483647;
			files = (
			);
			runOnlyForDeploymentPostprocessing = 0;
		};
/* End PBXFrameworksBuildPhase section */

/* Begin PBXGroup section */
		0D231D0E1AC8CE3A0082B558 = {
			isa = PBXGroup;
			children = (
				0D231D191AC8CE3B0082B558 /* FunFacts */,
				0D231D331AC8CE3B0082B558 /* FunFactsTests */,
				0D231D181AC8CE3B0082B558 /* Products */,
			);
			sourceTree = "<group>";
		};
		0D231D181AC8CE3B0082B558 /* Products */ = {
			isa = PBXGroup;
			children = (
				0D231D171AC8CE3B0082B558 /* FunFacts.app */,
				0D231D301AC8CE3B0082B558 /* FunFactsTests.xctest */,
			);
			name = Products;
			sourceTree = "<group>";
		};
		0D231D191AC8CE3B0082B558 /* FunFacts */ = {
			isa = PBXGroup;
			children = (
				0D231D1E1AC8CE3B0082B558 /* AppDelegate.h */,
				0D231D1F1AC8CE3B0082B558 /* AppDelegate.m */,
				0D231D211AC8CE3B0082B558 /* ViewController.h */,
				0D231D221AC8CE3B0082B558 /* ViewController.m */,
				0D231D401ACBADF80082B558 /* FactBook.h */,
				0D231D411ACBADF80082B558 /* FactBook.m */,
				0D231D431ACBE8720082B558 /* ColorWheel.h */,
				0D231D441ACBE8720082B558 /* ColorWheel.m */,
				0D231D241AC8CE3B0082B558 /* Main.storyboard */,
				0D231D271AC8CE3B0082B558 /* Images.xcassets */,
				0D231D291AC8CE3B0082B558 /* LaunchScreen.xib */,
				0D231D1A1AC8CE3B0082B558 /* Supporting Files */,
			);
			path = FunFacts;
			sourceTree = "<group>";
		};
		0D231D1A1AC8CE3B0082B558 /* Supporting Files */ = {
			isa = PBXGroup;
			children = (
				0D231D1B1AC8CE3B0082B558 /* Info.plist */,
				0D231D1C1AC8CE3B0082B558 /* main.m */,
			);
			name = "Supporting Files";
			sourceTree = "<group>";
		};
		0D231D331AC8CE3B0082B558 /* FunFactsTests */ = {
			isa = PBXGroup;
			children = (
				0D231D361AC8CE3B0082B558 /* FunFactsTests.m */,
				0D231D341AC8CE3B0082B558 /* Supporting Files */,
			);
			path = FunFactsTests;
			sourceTree = "<group>";
		};
		0D231D341AC8CE3B0082B558 /* Supporting Files */ = {
			isa = PBXGroup;
			children = (
				0D231D351AC8CE3B0082B558 /* Info.plist */,
			);
			name = "Supporting Files";
			sourceTree = "<group>";
		};
/* End PBXGroup section */

/* Begin PBXNativeTarget section */
		0D231D161AC8CE3A0082B558 /* FunFacts */ = {
			isa = PBXNativeTarget;
			buildConfigurationList = 0D231D3A1AC8CE3B0082B558 /* Build configuration list for PBXNativeTarget "FunFacts" */;
			buildPhases = (
				0D231D131AC8CE3A0082B558 /* Sources */,
				0D231D141AC8CE3A0082B558 /* Frameworks */,
				0D231D151AC8CE3A0082B558 /* Resources */,
			);
			buildRules = (
			);
			dependencies = (
			);
			name = FunFacts;
			productName = FunFacts;
			productReference = 0D231D171AC8CE3B0082B558 /* FunFacts.app */;
			productType = "com.apple.product-type.application";
		};
		0D231D2F1AC8CE3B0082B558 /* FunFactsTests */ = {
			isa = PBXNativeTarget;
			buildConfigurationList = 0D231D3D1AC8CE3B0082B558 /* Build configuration list for PBXNativeTarget "FunFactsTests" */;
			buildPhases = (
				0D231D2C1AC8CE3B0082B558 /* Sources */,
				0D231D2D1AC8CE3B0082B558 /* Frameworks */,
				0D231D2E1AC8CE3B0082B558 /* Resources */,
			);
			buildRules = (
			);
			dependencies = (
				0D231D321AC8CE3B0082B558 /* PBXTargetDependency */,
			);
			name = FunFactsTests;
			productName = FunFactsTests;
			productReference = 0D231D301AC8CE3B0082B558 /* FunFactsTests.xctest */;
			productType = "com.apple.product-type.bundle.unit-test";
		};
/* End PBXNativeTarget section */

/* Begin PBXProject section */
		0D231D0F1AC8CE3A0082B558 /* Project object */ = {
			isa = PBXProject;
			attributes = {
				LastUpgradeCheck = 0610;
				ORGANIZATIONNAME = "Sambit Chatterjee";
				TargetAttributes = {
					0D231D161AC8CE3A0082B558 = {
						CreatedOnToolsVersion = 6.1.1;
					};
					0D231D2F1AC8CE3B0082B558 = {
						CreatedOnToolsVersion = 6.1.1;
						TestTargetID = 0D231D161AC8CE3A0082B558;
					};
				};
			};
			buildConfigurationList = 0D231D121AC8CE3A0082B558 /* Build configuration list for PBXProject "FunFacts" */;
			compatibilityVersion = "Xcode 3.2";
			developmentRegion = English;
			hasScannedForEncodings = 0;
			knownRegions = (
				en,
				Base,
			);
			mainGroup = 0D231D0E1AC8CE3A0082B558;
			productRefGroup = 0D231D181AC8CE3B0082B558 /* Products */;
			projectDirPath = "";
			projectRoot = "";
			targets = (
				0D231D161AC8CE3A0082B558 /* FunFacts */,
				0D231D2F1AC8CE3B0082B558 /* FunFactsTests */,
			);
		};
/* End PBXProject section */

/* Begin PBXResourcesBuildPhase section */
		0D231D151AC8CE3A0082B558 /* Resources */ = {
			isa = PBXResourcesBuildPhase;
			buildActionMask = 2147483647;
			files = (
				0D231D261AC8CE3B0082B558 /* Main.storyboard in Resources */,
				0D231D2B1AC8CE3B0082B558 /* LaunchScreen.xib in Resources */,
				0D231D281AC8CE3B0082B558 /* Images.xcassets in Resources */,
			);
			runOnlyForDeploymentPostprocessing = 0;
		};
		0D231D2E1AC8CE3B0082B558 /* Resources */ = {
			isa = PBXResourcesBuildPhase;
			buildActionMask = 2147483647;
			files = (
			);
			runOnlyForDeploymentPostprocessing = 0;
		};
/* End PBXResourcesBuildPhase section */

/* Begin PBXSourcesBuildPhase section */
		0D231D131AC8CE3A0082B558 /* Sources */ = {
			isa = PBXSourcesBuildPhase;
			buildActionMask = 2147483647;
			files = (
				0D231D231AC8CE3B0082B558 /* ViewController.m in Sources */,
				0D231D201AC8CE3B0082B558 /* AppDelegate.m in Sources */,
				0D231D421ACBADF80082B558 /* FactBook.m in Sources */,
				0D231D1D1AC8CE3B0082B558 /* main.m in Sources */,
				0D231D451ACBE8720082B558 /* ColorWheel.m in Sources */,
			);
			runOnlyForDeploymentPostprocessing = 0;
		};
		0D231D2C1AC8CE3B0082B558 /* Sources */ = {
			isa = PBXSourcesBuildPhase;
			buildActionMask = 2147483647;
			files = (
				0D231D371AC8CE3B0082B558 /* FunFactsTests.m in Sources */,
			);
			runOnlyForDeploymentPostprocessing = 0;
		};
/* End PBXSourcesBuildPhase section */

/* Begin PBXTargetDependency section */
		0D231D321AC8CE3B0082B558 /* PBXTargetDependency */ = {
			isa = PBXTargetDependency;
			target = 0D231D161AC8CE3A0082B558 /* FunFacts */;
			targetProxy = 0D231D311AC8CE3B0082B558 /* PBXContainerItemProxy */;
		};
/* End PBXTargetDependency section */

/* Begin PBXVariantGroup section */
		0D231D241AC8CE3B0082B558 /* Main.storyboard */ = {
			isa = PBXVariantGroup;
			children = (
				0D231D251AC8CE3B0082B558 /* Base */,
			);
			name = Main.storyboard;
			sourceTree = "<group>";
		};
		0D231D291AC8CE3B0082B558 /* LaunchScreen.xib */ = {
			isa = PBXVariantGroup;
			children = (
				0D231D2A1AC8CE3B0082B558 /* Base */,
			);
			name = LaunchScreen.xib;
			sourceTree = "<group>";
		};
/* End PBXVariantGroup section */

/* Begin XCBuildConfiguration section */
		0D231D381AC8CE3B0082B558 /* Debug */ = {
			isa = XCBuildConfiguration;
			buildSettings = {
				ALWAYS_SEARCH_USER_PATHS = NO;
				CLANG_CXX_LANGUAGE_STANDARD = "gnu++0x";
				CLANG_CXX_LIBRARY = "libc++";
				CLANG_ENABLE_MODULES = YES;
				CLANG_ENABLE_OBJC_ARC = YES;
				CLANG_WARN_BOOL_CONVERSION = YES;
				CLANG_WARN_CONSTANT_CONVERSION = YES;
				CLANG_WARN_DIRECT_OBJC_ISA_USAGE = YES_ERROR;
				CLANG_WARN_EMPTY_BODY = YES;
				CLANG_WARN_ENUM_CONVERSION = YES;
				CLANG_WARN_INT_CONVERSION = YES;
				CLANG_WARN_OBJC_ROOT_CLASS = YES_ERROR;
				CLANG_WARN_UNREACHABLE_CODE = YES;
				CLANG_WARN__DUPLICATE_METHOD_MATCH = YES;
				"CODE_SIGN_IDENTITY[sdk=iphoneos*]" = "iPhone Developer";
				COPY_PHASE_STRIP = NO;
				ENABLE_STRICT_OBJC_MSGSEND = YES;
				GCC_C_LANGUAGE_STANDARD = gnu99;
				GCC_DYNAMIC_NO_PIC = NO;
				GCC_OPTIMIZATION_LEVEL = 0;
				GCC_PREPROCESSOR_DEFINITIONS = (
					"DEBUG=1",
					"$(inherited)",
				);
				GCC_SYMBOLS_PRIVATE_EXTERN = NO;
				GCC_WARN_64_TO_32_BIT_CONVERSION = YES;
				GCC_WARN_ABOUT_RETURN_TYPE = YES_ERROR;
				GCC_WARN_UNDECLARED_SELECTOR = YES;
				GCC_WARN_UNINITIALIZED_AUTOS = YES_AGGRESSIVE;
				GCC_WARN_UNUSED_FUNCTION = YES;
				GCC_WARN_UNUSED_VARIABLE = YES;
				IPHONEOS_DEPLOYMENT_TARGET = 8.1;
				MTL_ENABLE_DEBUG_INFO = YES;
				ONLY_ACTIVE_ARCH = YES;
				SDKROOT = iphoneos;
			};
			name = Debug;
		};
		0D231D391AC8CE3B0082B558 /* Release */ = {
			isa = XCBuildConfiguration;
			buildSettings = {
				ALWAYS_SEARCH_USER_PATHS = NO;
				CLANG_CXX_LANGUAGE_STANDARD = "gnu++0x";
				CLANG_CXX_LIBRARY = "libc++";
				CLANG_ENABLE_MODULES = YES;
				CLANG_ENABLE_OBJC_ARC = YES;
				CLANG_WARN_BOOL_CONVERSION = YES;
				CLANG_WARN_CONSTANT_CONVERSION = YES;
				CLANG_WARN_DIRECT_OBJC_ISA_USAGE = YES_ERROR;
				CLANG_WARN_EMPTY_BODY = YES;
				CLANG_WARN_ENUM_CONVERSION = YES;
				CLANG_WARN_INT_CONVERSION = YES;
				CLANG_WARN_OBJC_ROOT_CLASS = YES_ERROR;
				CLANG_WARN_UNREACHABLE_CODE = YES;
				CLANG_WARN__DUPLICATE_METHOD_MATCH = YES;
				"CODE_SIGN_IDENTITY[sdk=iphoneos*]" = "iPhone Developer";
				COPY_PHASE_STRIP = YES;
				ENABLE_NS_ASSERTIONS = NO;
				ENABLE_STRICT_OBJC_MSGSEND = YES;
				GCC_C_LANGUAGE_STANDARD = gnu99;
				GCC_WARN_64_TO_32_BIT_CONVERSION = YES;
				GCC_WARN_ABOUT_RETURN_TYPE = YES_ERROR;
				GCC_WARN_UNDECLARED_SELECTOR = YES;
				GCC_WARN_UNINITIALIZED_AUTOS = YES_AGGRESSIVE;
				GCC_WARN_UNUSED_FUNCTION = YES;
				GCC_WARN_UNUSED_VARIABLE = YES;
				IPHONEOS_DEPLOYMENT_TARGET = 8.1;
				MTL_ENABLE_DEBUG_INFO = NO;
				SDKROOT = iphoneos;
				VALIDATE_PRODUCT = YES;
			};
			name = Release;
		};
		0D231D3B1AC8CE3B0082B558 /* Debug */ = {
			isa = XCBuildConfiguration;
			buildSettings = {
				ASSETCATALOG_COMPILER_APPICON_NAME = AppIcon;
				INFOPLIST_FILE = FunFacts/Info.plist;
				LD_RUNPATH_SEARCH_PATHS = "$(inherited) @executable_path/Frameworks";
				PRODUCT_NAME = "$(TARGET_NAME)";
			};
			name = Debug;
		};
		0D231D3C1AC8CE3B0082B558 /* Release */ = {
			isa = XCBuildConfiguration;
			buildSettings = {
				ASSETCATALOG_COMPILER_APPICON_NAME = AppIcon;
				INFOPLIST_FILE = FunFacts/Info.plist;
				LD_RUNPATH_SEARCH_PATHS = "$(inherited) @executable_path/Frameworks";
				PRODUCT_NAME = "$(TARGET_NAME)";
			};
			name = Release;
		};
		0D231D3E1AC8CE3B0082B558 /* Debug */ = {
			isa = XCBuildConfiguration;
			buildSettings = {
				BUNDLE_LOADER = "$(TEST_HOST)";
				FRAMEWORK_SEARCH_PATHS = (
					"$(SDKROOT)/Developer/Library/Frameworks",
					"$(inherited)",
				);
				GCC_PREPROCESSOR_DEFINITIONS = (
					"DEBUG=1",
					"$(inherited)",
				);
				INFOPLIST_FILE = FunFactsTests/Info.plist;
				LD_RUNPATH_SEARCH_PATHS = "$(inherited) @executable_path/Frameworks @loader_path/Frameworks";
				PRODUCT_NAME = "$(TARGET_NAME)";
				TEST_HOST = "$(BUILT_PRODUCTS_DIR)/FunFacts.app/FunFacts";
			};
			name = Debug;
		};
		0D231D3F1AC8CE3B0082B558 /* Release */ = {
			isa = XCBuildConfiguration;
			buildSettings = {
				BUNDLE_LOADER = "$(TEST_HOST)";
				FRAMEWORK_SEARCH_PATHS = (
					"$(SDKROOT)/Developer/Library/Frameworks",
					"$(inherited)",
				);
				INFOPLIST_FILE = FunFactsTests/Info.plist;
				LD_RUNPATH_SEARCH_PATHS = "$(inherited) @executable_path/Frameworks @loader_path/Frameworks";
				PRODUCT_NAME = "$(TARGET_NAME)";
				TEST_HOST = "$(BUILT_PRODUCTS_DIR)/FunFacts.app/FunFacts";
			};
			name = Release;
		};
/* End XCBuildConfiguration section */

/* Begin XCConfigurationList section */
		0D231D121AC8CE3A0082B558 /* Build configuration list for PBXProject "FunFacts" */ = {
			isa = XCConfigurationList;
			buildConfigurations = (
				0D231D381AC8CE3B0082B558 /* Debug */,
				0D231D391AC8CE3B0082B558 /* Release */,
			);
			defaultConfigurationIsVisible = 0;
			defaultConfigurationName = Release;
		};
		0D231D3A1AC8CE3B0082B558 /* Build configuration list for PBXNativeTarget "FunFacts" */ = {
			isa = XCConfigurationList;
			buildConfigurations = (
				0D231D3B1AC8CE3B0082B558 /* Debug */,
				0D231D3C1AC8CE3B0082B558 /* Release */,
			);
			defaultConfigurationIsVisible = 0;
		};
		0D231D3D1AC8CE3B0082B558 /* Build configuration list for PBXNativeTarget "FunFactsTests" */ = {
			isa = XCConfigurationList;
			buildConfigurations = (
				0D231D3E1AC8CE3B0082B558 /* Debug */,
				0D231D3F1AC8CE3B0082B558 /* Release */,
			);
			defaultConfigurationIsVisible = 0;
		};
/* End XCConfigurationList section */
	};
	rootObject = 0D231D0F1AC8CE3A0082B558 /* Project object */;
}
